
Microsoft Visual Studio Solution File, Format Version 12.00
# Visual Studio Version 16
VisualStudioVersion = 16.0.29911.84
MinimumVisualStudioVersion = 10.0.40219.1
Project("{FAE04EC0-301F-11D3-BF4B-00C04F79EFBC}") = "HITS.LIB.SqlServer", "HITS.LIB.SqlServer\HITS.LIB.SqlServer.csproj", "{B6DBCB43-4D89-4644-B51C-F18044D0BC0D}"
EndProject
Global
	GlobalSection(SolutionConfigurationPlatforms) = preSolution
		Debug|Any CPU = Debug|Any CPU
		Release|Any CPU = Release|Any CPU
	EndGlobalSection
	GlobalSection(ProjectConfigurationPlatforms) = postSolution
		{B6DBCB43-4D89-4644-B51C-F18044D0BC0D}.Debug|Any CPU.ActiveCfg = Debug|Any CPU
		{B6DBCB43-4D89-4644-B51C-F18044D0BC0D}.Debug|Any CPU.Build.0 = Debug|Any CPU
		{B6DBCB43-4D89-4644-B51C-F18044D0BC0D}.Release|Any CPU.ActiveCfg = Release|Any CPU
		{B6DBCB43-4D89-4644-B51C-F18044D0BC0D}.Release|Any CPU.Build.0 = Release|Any CPU
	EndGlobalSection
	GlobalSection(SolutionProperties) = preSolution
		HideSolutionNode = FALSE
	EndGlobalSection
	GlobalSection(ExtensibilityGlobals) = postSolution
		SolutionGuid = {6B7C45EC-6B10-4015-98F8-8F25D3917E01}
	EndGlobalSection
EndGlobal
